// !$*UTF8*$!
{
	archiveVersion = 1;
	classes = {
	};
	objectVersion = 46;
	objects = {

/* Begin PBXBuildFile section */
		121780BC1DAF677A00B4728A /* AppDelegate.swift in Sources */ = {isa = PBXBuildFile; fileRef = 121780BB1DAF677A00B4728A /* AppDelegate.swift */; };
		121780BE1DAF677A00B4728A /* ViewController.swift in Sources */ = {isa = PBXBuildFile; fileRef = 121780BD1DAF677A00B4728A /* ViewController.swift */; };
		121780C11DAF677A00B4728A /* Main.storyboard in Resources */ = {isa = PBXBuildFile; fileRef = 121780BF1DAF677A00B4728A /* Main.storyboard */; };
		121780C31DAF677A00B4728A /* Assets.xcassets in Resources */ = {isa = PBXBuildFile; fileRef = 121780C21DAF677A00B4728A /* Assets.xcassets */; };
		121780C61DAF677A00B4728A /* LaunchScreen.storyboard in Resources */ = {isa = PBXBuildFile; fileRef = 121780C41DAF677A00B4728A /* LaunchScreen.storyboard */; };
		121780D11DAF677B00B4728A /* GoogleMapTests.swift in Sources */ = {isa = PBXBuildFile; fileRef = 121780D01DAF677B00B4728A /* GoogleMapTests.swift */; };
/* End PBXBuildFile section */

/* Begin PBXContainerItemProxy section */
		121780CD1DAF677A00B4728A /* PBXContainerItemProxy */ = {
			isa = PBXContainerItemProxy;
			containerPortal = 121780B01DAF677A00B4728A /* Project object */;
			proxyType = 1;
			remoteGlobalIDString = 121780B71DAF677A00B4728A;
			remoteInfo = GoogleMap;
		};
/* End PBXContainerItemProxy section */

/* Begin PBXFileReference section */
		121780B81DAF677A00B4728A /* GoogleMap.app */ = {isa = PBXFileReference; explicitFileType = wrapper.application; includeInIndex = 0; path = GoogleMap.app; sourceTree = BUILT_PRODUCTS_DIR; };
		121780BB1DAF677A00B4728A /* AppDelegate.swift */ = {isa = PBXFileReference; lastKnownFileType = sourcecode.swift; path = AppDelegate.swift; sourceTree = "<group>"; };
		121780BD1DAF677A00B4728A /* ViewController.swift */ = {isa = PBXFileReference; lastKnownFileType = sourcecode.swift; path = ViewController.swift; sourceTree = "<group>"; };
		121780C01DAF677A00B4728A /* Base */ = {isa = PBXFileReference; lastKnownFileType = file.storyboard; name = Base; path = Base.lproj/Main.storyboard; sourceTree = "<group>"; };
		121780C21DAF677A00B4728A /* Assets.xcassets */ = {isa = PBXFileReference; lastKnownFileType = folder.assetcatalog; path = Assets.xcassets; sourceTree = "<group>"; };
		121780C51DAF677A00B4728A /* Base */ = {isa = PBXFileReference; lastKnownFileType = file.storyboard; name = Base; path = Base.lproj/LaunchScreen.storyboard; sourceTree = "<group>"; };
		121780C71DAF677A00B4728A /* Info.plist */ = {isa = PBXFileReference; lastKnownFileType = text.plist.xml; path = Info.plist; sourceTree = "<group>"; };
		121780CC1DAF677A00B4728A /* GoogleMapTests.xctest */ = {isa = PBXFileReference; explicitFileType = wrapper.cfbundle; includeInIndex = 0; path = GoogleMapTests.xctest; sourceTree = BUILT_PRODUCTS_DIR; };
		121780D01DAF677B00B4728A /* GoogleMapTests.swift */ = {isa = PBXFileReference; lastKnownFileType = sourcecode.swift; path = GoogleMapTests.swift; sourceTree = "<group>"; };
		121780D21DAF677B00B4728A /* Info.plist */ = {isa = PBXFileReference; lastKnownFileType = text.plist.xml; path = Info.plist; sourceTree = "<group>"; };
/* End PBXFileReference section */

/* Begin PBXFrameworksBuildPhase section */
		121780B51DAF677A00B4728A /* Frameworks */ = {
			isa = PBXFrameworksBuildPhase;
			buildActionMask = 2147483647;
			files = (
			);
			runOnlyForDeploymentPostprocessing = 0;
		};
		121780C91DAF677A00B4728A /* Frameworks */ = {
			isa = PBXFrameworksBuildPhase;
			buildActionMask = 2147483647;
			files = (
			);
			runOnlyForDeploymentPostprocessing = 0;
		};
/* End PBXFrameworksBuildPhase section */

/* Begin PBXGroup section */
		121780AF1DAF677A00B4728A = {
			isa = PBXGroup;
			children = (
				121780BA1DAF677A00B4728A /* GoogleMap */,
				121780CF1DAF677B00B4728A /* GoogleMapTests */,
				121780B91DAF677A00B4728A /* Products */,
			);
			sourceTree = "<group>";
		};
		121780B91DAF677A00B4728A /* Products */ = {
			isa = PBXGroup;
			children = (
				121780B81DAF677A00B4728A /* GoogleMap.app */,
				121780CC1DAF677A00B4728A /* GoogleMapTests.xctest */,
			);
			name = Products;
			sourceTree = "<group>";
		};
		121780BA1DAF677A00B4728A /* GoogleMap */ = {
			isa = PBXGroup;
			children = (
				121780BB1DAF677A00B4728A /* AppDelegate.swift */,
				121780BD1DAF677A00B4728A /* ViewController.swift */,
				121780BF1DAF677A00B4728A /* Main.storyboard */,
				121780C21DAF677A00B4728A /* Assets.xcassets */,
				121780C41DAF677A00B4728A /* LaunchScreen.storyboard */,
				121780C71DAF677A00B4728A /* Info.plist */,
			);
			path = GoogleMap;
			sourceTree = "<group>";
		};
		121780CF1DAF677B00B4728A /* GoogleMapTests */ = {
			isa = PBXGroup;
			children = (
				121780D01DAF677B00B4728A /* GoogleMapTests.swift */,
				121780D21DAF677B00B4728A /* Info.plist */,
			);
			path = GoogleMapTests;
			sourceTree = "<group>";
		};
/* End PBXGroup section */

/* Begin PBXNativeTarget section */
		121780B71DAF677A00B4728A /* GoogleMap */ = {
			isa = PBXNativeTarget;
			buildConfigurationList = 121780D51DAF677B00B4728A /* Build configuration list for PBXNativeTarget "GoogleMap" */;
			buildPhases = (
				121780B41DAF677A00B4728A /* Sources */,
				121780B51DAF677A00B4728A /* Frameworks */,
				121780B61DAF677A00B4728A /* Resources */,
			);
			buildRules = (
			);
			dependencies = (
			);
			name = GoogleMap;
			productName = GoogleMap;
			productReference = 121780B81DAF677A00B4728A /* GoogleMap.app */;
			productType = "com.apple.product-type.application";
		};
		121780CB1DAF677A00B4728A /* GoogleMapTests */ = {
			isa = PBXNativeTarget;
			buildConfigurationList = 121780D81DAF677B00B4728A /* Build configuration list for PBXNativeTarget "GoogleMapTests" */;
			buildPhases = (
				121780C81DAF677A00B4728A /* Sources */,
				121780C91DAF677A00B4728A /* Frameworks */,
				121780CA1DAF677A00B4728A /* Resources */,
			);
			buildRules = (
			);
			dependencies = (
				121780CE1DAF677A00B4728A /* PBXTargetDependency */,
			);
			name = GoogleMapTests;
			productName = GoogleMapTests;
			productReference = 121780CC1DAF677A00B4728A /* GoogleMapTests.xctest */;
			productType = "com.apple.product-type.bundle.unit-test";
		};
/* End PBXNativeTarget section */

/* Begin PBXProject section */
		121780B01DAF677A00B4728A /* Project object */ = {
			isa = PBXProject;
			attributes = {
				LastSwiftUpdateCheck = 0800;
				LastUpgradeCheck = 0800;
				ORGANIZATIONNAME = "Isuru Ranasinghe";
				TargetAttributes = {
					121780B71DAF677A00B4728A = {
						CreatedOnToolsVersion = 8.0;
						ProvisioningStyle = Automatic;
					};
					121780CB1DAF677A00B4728A = {
						CreatedOnToolsVersion = 8.0;
						ProvisioningStyle = Automatic;
						TestTargetID = 121780B71DAF677A00B4728A;
					};
				};
			};
			buildConfigurationList = 121780B31DAF677A00B4728A /* Build configuration list for PBXProject "GoogleMap" */;
			compatibilityVersion = "Xcode 3.2";
			developmentRegion = English;
			hasScannedForEncodings = 0;
			knownRegions = (
				en,
				Base,
			);
			mainGroup = 121780AF1DAF677A00B4728A;
			productRefGroup = 121780B91DAF677A00B4728A /* Products */;
			projectDirPath = "";
			projectRoot = "";
			targets = (
				121780B71DAF677A00B4728A /* GoogleMap */,
				121780CB1DAF677A00B4728A /* GoogleMapTests */,
			);
		};
/* End PBXProject section */

/* Begin PBXResourcesBuildPhase section */
		121780B61DAF677A00B4728A /* Resources */ = {
			isa = PBXResourcesBuildPhase;
			buildActionMask = 2147483647;
			files = (
				121780C61DAF677A00B4728A /* LaunchScreen.storyboard in Resources */,
				121780C31DAF677A00B4728A /* Assets.xcassets in Resources */,
				121780C11DAF677A00B4728A /* Main.storyboard in Resources */,
			);
			runOnlyForDeploymentPostprocessing = 0;
		};
		121780CA1DAF677A00B4728A /* Resources */ = {
			isa = PBXResourcesBuildPhase;
			buildActionMask = 2147483647;
			files = (
			);
			runOnlyForDeploymentPostprocessing = 0;
		};
/* End PBXResourcesBuildPhase section */

/* Begin PBXSourcesBuildPhase section */
		121780B41DAF677A00B4728A /* Sources */ = {
			isa = PBXSourcesBuildPhase;
			buildActionMask = 2147483647;
			files = (
				121780BE1DAF677A00B4728A /* ViewController.swift in Sources */,
				121780BC1DAF677A00B4728A /* AppDelegate.swift in Sources */,
			);
			runOnlyForDeploymentPostprocessing = 0;
		};
		121780C81DAF677A00B4728A /* Sources */ = {
			isa = PBXSourcesBuildPhase;
			buildActionMask = 2147483647;
			files = (
				121780D11DAF677B00B4728A /* GoogleMapTests.swift in Sources */,
			);
			runOnlyForDeploymentPostprocessing = 0;
		};
/* End PBXSourcesBuildPhase section */

/* Begin PBXTargetDependency section */
		121780CE1DAF677A00B4728A /* PBXTargetDependency */ = {
			isa = PBXTargetDependency;
			target = 121780B71DAF677A00B4728A /* GoogleMap */;
			targetProxy = 121780CD1DAF677A00B4728A /* PBXContainerItemProxy */;
		};
/* End PBXTargetDependency section */

/* Begin PBXVariantGroup section */
		121780BF1DAF677A00B4728A /* Main.storyboard */ = {
			isa = PBXVariantGroup;
			children = (
				121780C01DAF677A00B4728A /* Base */,
			);
			name = Main.storyboard;
			sourceTree = "<group>";
		};
		121780C41DAF677A00B4728A /* LaunchScreen.storyboard */ = {
			isa = PBXVariantGroup;
			children = (
				121780C51DAF677A00B4728A /* Base */,
			);
			name = LaunchScreen.storyboard;
			sourceTree = "<group>";
		};
/* End PBXVariantGroup section */

/* Begin XCBuildConfiguration section */
		121780D31DAF677B00B4728A /* Debug */ = {
			isa = XCBuildConfiguration;
			buildSettings = {
				ALWAYS_SEARCH_USER_PATHS = NO;
				CLANG_ANALYZER_NONNULL = YES;
				CLANG_CXX_LANGUAGE_STANDARD = "gnu++0x";
				CLANG_CXX_LIBRARY = "libc++";
				CLANG_ENABLE_MODULES = YES;
				CLANG_ENABLE_OBJC_ARC = YES;
				CLANG_WARN_BOOL_CONVERSION = YES;
				CLANG_WARN_CONSTANT_CONVERSION = YES;
				CLANG_WARN_DIRECT_OBJC_ISA_USAGE = YES_ERROR;
				CLANG_WARN_DOCUMENTATION_COMMENTS = YES;
				CLANG_WARN_EMPTY_BODY = YES;
				CLANG_WARN_ENUM_CONVERSION = YES;
				CLANG_WARN_INFINITE_RECURSION = YES;
				CLANG_WARN_INT_CONVERSION = YES;
				CLANG_WARN_OBJC_ROOT_CLASS = YES_ERROR;
				CLANG_WARN_SUSPICIOUS_MOVES = YES;
				CLANG_WARN_UNREACHABLE_CODE = YES;
				CLANG_WARN__DUPLICATE_METHOD_MATCH = YES;
				"CODE_SIGN_IDENTITY[sdk=iphoneos*]" = "iPhone Developer";
				COPY_PHASE_STRIP = NO;
				DEBUG_INFORMATION_FORMAT = dwarf;
				ENABLE_STRICT_OBJC_MSGSEND = YES;
				ENABLE_TESTABILITY = YES;
				GCC_C_LANGUAGE_STANDARD = gnu99;
				GCC_DYNAMIC_NO_PIC = NO;
				GCC_NO_COMMON_BLOCKS = YES;
				GCC_OPTIMIZATION_LEVEL = 0;
				GCC_PREPROCESSOR_DEFINITIONS = (
					"DEBUG=1",
					"$(inherited)",
				);
				GCC_WARN_64_TO_32_BIT_CONVERSION = YES;
				GCC_WARN_ABOUT_RETURN_TYPE = YES_ERROR;
				GCC_WARN_UNDECLARED_SELECTOR = YES;
				GCC_WARN_UNINITIALIZED_AUTOS = YES_AGGRESSIVE;
				GCC_WARN_UNUSED_FUNCTION = YES;
				GCC_WARN_UNUSED_VARIABLE = YES;
				IPHONEOS_DEPLOYMENT_TARGET = 10.0;
				MTL_ENABLE_DEBUG_INFO = YES;
				ONLY_ACTIVE_ARCH = YES;
				SDKROOT = iphoneos;
				SWIFT_ACTIVE_COMPILATION_CONDITIONS = DEBUG;
				SWIFT_OPTIMIZATION_LEVEL = "-Onone";
				TARGETED_DEVICE_FAMILY = "1,2";
			};
			name = Debug;
		};
		121780D41DAF677B00B4728A /* Release */ = {
			isa = XCBuildConfiguration;
			buildSettings = {
				ALWAYS_SEARCH_USER_PATHS = NO;
				CLANG_ANALYZER_NONNULL = YES;
				CLANG_CXX_LANGUAGE_STANDARD = "gnu++0x";
				CLANG_CXX_LIBRARY = "libc++";
				CLANG_ENABLE_MODULES = YES;
				CLANG_ENABLE_OBJC_ARC = YES;
				CLANG_WARN_BOOL_CONVERSION = YES;
				CLANG_WARN_CONSTANT_CONVERSION = YES;
				CLANG_WARN_DIRECT_OBJC_ISA_USAGE = YES_ERROR;
				CLANG_WARN_DOCUMENTATION_COMMENTS = YES;
				CLANG_WARN_EMPTY_BODY = YES;
				CLANG_WARN_ENUM_CONVERSION = YES;
				CLANG_WARN_INFINITE_RECURSION = YES;
				CLANG_WARN_INT_CONVERSION = YES;
				CLANG_WARN_OBJC_ROOT_CLASS = YES_ERROR;
				CLANG_WARN_SUSPICIOUS_MOVES = YES;
				CLANG_WARN_UNREACHABLE_CODE = YES;
				CLANG_WARN__DUPLICATE_METHOD_MATCH = YES;
				"CODE_SIGN_IDENTITY[sdk=iphoneos*]" = "iPhone Developer";
				COPY_PHASE_STRIP = NO;
				DEBUG_INFORMATION_FORMAT = "dwarf-with-dsym";
				ENABLE_NS_ASSERTIONS = NO;
				ENABLE_STRICT_OBJC_MSGSEND = YES;
				GCC_C_LANGUAGE_STANDARD = gnu99;
				GCC_NO_COMMON_BLOCKS = YES;
				GCC_WARN_64_TO_32_BIT_CONVERSION = YES;
				GCC_WARN_ABOUT_RETURN_TYPE = YES_ERROR;
				GCC_WARN_UNDECLARED_SELECTOR = YES;
				GCC_WARN_UNINITIALIZED_AUTOS = YES_AGGRESSIVE;
				GCC_WARN_UNUSED_FUNCTION = YES;
				GCC_WARN_UNUSED_VARIABLE = YES;
				IPHONEOS_DEPLOYMENT_TARGET = 10.0;
				MTL_ENABLE_DEBUG_INFO = NO;
				SDKROOT = iphoneos;
				SWIFT_OPTIMIZATION_LEVEL = "-Owholemodule";
				TARGETED_DEVICE_FAMILY = "1,2";
				VALIDATE_PRODUCT = YES;
			};
			name = Release;
		};
		121780D61DAF677B00B4728A /* Debug */ = {
			isa = XCBuildConfiguration;
			buildSettings = {
				ASSETCATALOG_COMPILER_APPICON_NAME = AppIcon;
				INFOPLIST_FILE = GoogleMap/Info.plist;
				LD_RUNPATH_SEARCH_PATHS = "$(inherited) @executable_path/Frameworks";
				PRODUCT_BUNDLE_IDENTIFIER = com.flammer.GoogleMap;
				PRODUCT_NAME = "$(TARGET_NAME)";
				SWIFT_VERSION = 3.0;
			};
			name = Debug;
		};
		121780D71DAF677B00B4728A /* Release */ = {
			isa = XCBuildConfiguration;
			buildSettings = {
				ASSETCATALOG_COMPILER_APPICON_NAME = AppIcon;
				INFOPLIST_FILE = GoogleMap/Info.plist;
				LD_RUNPATH_SEARCH_PATHS = "$(inherited) @executable_path/Frameworks";
				PRODUCT_BUNDLE_IDENTIFIER = com.flammer.GoogleMap;
				PRODUCT_NAME = "$(TARGET_NAME)";
				SWIFT_VERSION = 3.0;
			};
			name = Release;
		};
		121780D91DAF677B00B4728A /* Debug */ = {
			isa = XCBuildConfiguration;
			buildSettings = {
				ALWAYS_EMBED_SWIFT_STANDARD_LIBRARIES = YES;
				BUNDLE_LOADER = "$(TEST_HOST)";
				INFOPLIST_FILE = GoogleMapTests/Info.plist;
				LD_RUNPATH_SEARCH_PATHS = "$(inherited) @executable_path/Frameworks @loader_path/Frameworks";
				PRODUCT_BUNDLE_IDENTIFIER = com.flammer.GoogleMapTests;
				PRODUCT_NAME = "$(TARGET_NAME)";
				SWIFT_VERSION = 3.0;
				TEST_HOST = "$(BUILT_PRODUCTS_DIR)/GoogleMap.app/GoogleMap";
			};
			name = Debug;
		};
		121780DA1DAF677B00B4728A /* Release */ = {
			isa = XCBuildConfiguration;
			buildSettings = {
				ALWAYS_EMBED_SWIFT_STANDARD_LIBRARIES = YES;
				BUNDLE_LOADER = "$(TEST_HOST)";
				INFOPLIST_FILE = GoogleMapTests/Info.plist;
				LD_RUNPATH_SEARCH_PATHS = "$(inherited) @executable_path/Frameworks @loader_path/Frameworks";
				PRODUCT_BUNDLE_IDENTIFIER = com.flammer.GoogleMapTests;
				PRODUCT_NAME = "$(TARGET_NAME)";
				SWIFT_VERSION = 3.0;
				TEST_HOST = "$(BUILT_PRODUCTS_DIR)/GoogleMap.app/GoogleMap";
			};
			name = Release;
		};
/* End XCBuildConfiguration section */

/* Begin XCConfigurationList section */
		121780B31DAF677A00B4728A /* Build configuration list for PBXProject "GoogleMap" */ = {
			isa = XCConfigurationList;
			buildConfigurations = (
				121780D31DAF677B00B4728A /* Debug */,
				121780D41DAF677B00B4728A /* Release */,
			);
			defaultConfigurationIsVisible = 0;
			defaultConfigurationName = Release;
		};
		121780D51DAF677B00B4728A /* Build configuration list for PBXNativeTarget "GoogleMap" */ = {
			isa = XCConfigurationList;
			buildConfigurations = (
				121780D61DAF677B00B4728A /* Debug */,
				121780D71DAF677B00B4728A /* Release */,
			);
			defaultConfigurationIsVisible = 0;
		};
		121780D81DAF677B00B4728A /* Build configuration list for PBXNativeTarget "GoogleMapTests" */ = {
			isa = XCConfigurationList;
			buildConfigurations = (
				121780D91DAF677B00B4728A /* Debug */,
				121780DA1DAF677B00B4728A /* Release */,
			);
			defaultConfigurationIsVisible = 0;
		};
/* End XCConfigurationList section */
	};
	rootObject = 121780B01DAF677A00B4728A /* Project object */;
}
